PODS:
  - Alamofire (3.3.1)
  - TTReflect (2.0.0)

DEPENDENCIES:
  - Alamofire (~> 3.3.1)
  - TTReflect (~> 2.0.0)

SPEC CHECKSUMS:
  Alamofire: 369bc67b6f5ac33ded3648d7bd21c5bfb91c2ecc
  TTReflect: 1fb7a32267fa771daddfacef906432923c669593

PODFILE CHECKSUM: 479e79cefcdf7b190d74c84eed7234aca0af89ec

COCOAPODS: 1.0.1
